
Microsoft Visual Studio Solution File, Format Version 12.00
# Visual Studio Version 17
VisualStudioVersion = 17.14.36414.22 d17.14
MinimumVisualStudioVersion = 10.0.40219.1
Project("{FAE04EC0-301F-11D3-BF4B-00C04F79EFBC}") = "Adolfo_Basic Image Processing", "Adolfo_Basic Image Processing\Adolfo_Basic Image Processing.csproj", "{B6872C7F-0B85-4661-867B-AA6839F32DDB}"
EndProject
Global
	GlobalSection(SolutionConfigurationPlatforms) = preSolution
		Debug|Any CPU = Debug|Any CPU
		Release|Any CPU = Release|Any CPU
	EndGlobalSection
	GlobalSection(ProjectConfigurationPlatforms) = postSolution
		{B6872C7F-0B85-4661-867B-AA6839F32DDB}.Debug|Any CPU.ActiveCfg = Debug|Any CPU
		{B6872C7F-0B85-4661-867B-AA6839F32DDB}.Debug|Any CPU.Build.0 = Debug|Any CPU
		{B6872C7F-0B85-4661-867B-AA6839F32DDB}.Release|Any CPU.ActiveCfg = Release|Any CPU
		{B6872C7F-0B85-4661-867B-AA6839F32DDB}.Release|Any CPU.Build.0 = Release|Any CPU
	EndGlobalSection
	GlobalSection(SolutionProperties) = preSolution
		HideSolutionNode = FALSE
	EndGlobalSection
	GlobalSection(ExtensibilityGlobals) = postSolution
		SolutionGuid = {A71F5582-C9EB-43A0-B3BF-0CC61DC94397}
	EndGlobalSection
EndGlobal
